
Microsoft Visual Studio Solution File, Format Version 12.00
# Visual Studio 2012
Project("{FAE04EC0-301F-11D3-BF4B-00C04F79EFBC}") = "PerfMatters.Droid", "PerfMatters.Droid\PerfMatters.Droid.csproj", "{298DDF19-2F07-4FEC-B180-9CB713AE867D}"
EndProject
Project("{FAE04EC0-301F-11D3-BF4B-00C04F79EFBC}") = "PerfMatters.Core", "PerfMatters.Core\PerfMatters.Core.csproj", "{EED27218-CDAA-4DB9-8C10-B42A66C36B38}"
EndProject
Global
	GlobalSection(SolutionConfigurationPlatforms) = preSolution
		Debug|Any CPU = Debug|Any CPU
		Release|Any CPU = Release|Any CPU
	EndGlobalSection
	GlobalSection(ProjectConfigurationPlatforms) = postSolution
		{298DDF19-2F07-4FEC-B180-9CB713AE867D}.Debug|Any CPU.ActiveCfg = Debug|Any CPU
		{298DDF19-2F07-4FEC-B180-9CB713AE867D}.Debug|Any CPU.Build.0 = Debug|Any CPU
		{298DDF19-2F07-4FEC-B180-9CB713AE867D}.Release|Any CPU.ActiveCfg = Release|Any CPU
		{298DDF19-2F07-4FEC-B180-9CB713AE867D}.Release|Any CPU.Build.0 = Release|Any CPU
		{EED27218-CDAA-4DB9-8C10-B42A66C36B38}.Debug|Any CPU.ActiveCfg = Debug|Any CPU
		{EED27218-CDAA-4DB9-8C10-B42A66C36B38}.Debug|Any CPU.Build.0 = Debug|Any CPU
		{EED27218-CDAA-4DB9-8C10-B42A66C36B38}.Release|Any CPU.ActiveCfg = Release|Any CPU
		{EED27218-CDAA-4DB9-8C10-B42A66C36B38}.Release|Any CPU.Build.0 = Release|Any CPU
	EndGlobalSection
EndGlobal
